# This file is automatically @generated by Cargo.
# It is not intended for manual editing.
version = 3

[[package]]
name = "aoc23_rust"
version = "0.1.0"
dependencies = [
 "velcro",
]

[[package]]
name = "proc-macro2"
version = "1.0.71"
source = "registry+https://github.com/rust-lang/crates.io-index"
checksum = "75cb1540fadbd5b8fbccc4dddad2734eba435053f725621c070711a14bb5f4b8"
dependencies = [
 "unicode-ident",
]

[[package]]
name = "quote"
version = "1.0.33"
source = "registry+https://github.com/rust-lang/crates.io-index"
checksum = "5267fca4496028628a95160fc423a33e8b2e6af8a5302579e322e4b520293cae"
dependencies = [
 "proc-macro2",
]

[[package]]
name = "syn"
version = "1.0.109"
source = "registry+https://github.com/rust-lang/crates.io-index"
checksum = "72b64191b275b66ffe2469e8af2c1cfe3bafa67b529ead792a6d0160888b4237"
dependencies = [
 "proc-macro2",
 "quote",
 "unicode-ident",
]

[[package]]
name = "unicode-ident"
version = "1.0.12"
source = "registry+https://github.com/rust-lang/crates.io-index"
checksum = "3354b9ac3fae1ff6755cb6db53683adb661634f67557942dea4facebec0fee4b"

[[package]]
name = "velcro"
version = "0.5.4"
source = "registry+https://github.com/rust-lang/crates.io-index"
checksum = "31c6a51883ba1034757307e06dc4856cd5439ecf6804ce6c90d13d49496196fc"
dependencies = [
 "velcro_macros",
]

[[package]]
name = "velcro_core"
version = "0.5.4"
source = "registry+https://github.com/rust-lang/crates.io-index"
checksum = "742cf45d07989b7614877e083602a8973890c75a81f47216b238d2f326ec916c"
dependencies = [
 "proc-macro2",
 "quote",
 "syn",
]

[[package]]
name = "velcro_macros"
version = "0.5.4"
source = "registry+https://github.com/rust-lang/crates.io-index"
checksum = "7b23c806d7b49977e6e12ee6d120ac01dcab702b51c652fdf1a6709ab5b8868c"
dependencies = [
 "syn",
 "velcro_core",
]
